
Microsoft Visual Studio Solution File, Format Version 12.00
# Visual Studio Version 17
VisualStudioVersion = 17.7.34031.279
MinimumVisualStudioVersion = 10.0.40219.1
Project("{FAE04EC0-301F-11D3-BF4B-00C04F79EFBC}") = "prova-lms-ada", "prova-lms-ada\prova-lms-ada.csproj", "{CB1DE786-5F12-4806-A503-EFF95C1726B0}"
EndProject
Global
	GlobalSection(SolutionConfigurationPlatforms) = preSolution
		Debug|Any CPU = Debug|Any CPU
		Release|Any CPU = Release|Any CPU
	EndGlobalSection
	GlobalSection(ProjectConfigurationPlatforms) = postSolution
		{CB1DE786-5F12-4806-A503-EFF95C1726B0}.Debug|Any CPU.ActiveCfg = Debug|Any CPU
		{CB1DE786-5F12-4806-A503-EFF95C1726B0}.Debug|Any CPU.Build.0 = Debug|Any CPU
		{CB1DE786-5F12-4806-A503-EFF95C1726B0}.Release|Any CPU.ActiveCfg = Release|Any CPU
		{CB1DE786-5F12-4806-A503-EFF95C1726B0}.Release|Any CPU.Build.0 = Release|Any CPU
	EndGlobalSection
	GlobalSection(SolutionProperties) = preSolution
		HideSolutionNode = FALSE
	EndGlobalSection
	GlobalSection(ExtensibilityGlobals) = postSolution
		SolutionGuid = {2A860FE9-E5E3-44DE-8A2C-BCBEE2B0BB05}
	EndGlobalSection
EndGlobal
